// !$*UTF8*$!
{
	archiveVersion = 1;
	classes = {
	};
	objectVersion = 50;
	objects = {

/* Begin PBXBuildFile section */
		7A15A3DF25104B5B0070D0EE /* AppDelegate.swift in Sources */ = {isa = PBXBuildFile; fileRef = 7A15A3DE25104B5B0070D0EE /* AppDelegate.swift */; };
		7A15A3E125104B5B0070D0EE /* SceneDelegate.swift in Sources */ = {isa = PBXBuildFile; fileRef = 7A15A3E025104B5B0070D0EE /* SceneDelegate.swift */; };
		7A15A3E325104B5B0070D0EE /* ContentView.swift in Sources */ = {isa = PBXBuildFile; fileRef = 7A15A3E225104B5B0070D0EE /* ContentView.swift */; };
		7A15A3E525104B5D0070D0EE /* Assets.xcassets in Resources */ = {isa = PBXBuildFile; fileRef = 7A15A3E425104B5D0070D0EE /* Assets.xcassets */; };
		7A15A3E825104B5D0070D0EE /* Preview Assets.xcassets in Resources */ = {isa = PBXBuildFile; fileRef = 7A15A3E725104B5D0070D0EE /* Preview Assets.xcassets */; };
		7A15A3EB25104B5D0070D0EE /* LaunchScreen.storyboard in Resources */ = {isa = PBXBuildFile; fileRef = 7A15A3E925104B5D0070D0EE /* LaunchScreen.storyboard */; };
		7A15A3F625104B5D0070D0EE /* ActivityViewTests.swift in Sources */ = {isa = PBXBuildFile; fileRef = 7A15A3F525104B5D0070D0EE /* ActivityViewTests.swift */; };
		7A15A40125104B5D0070D0EE /* ActivityViewUITests.swift in Sources */ = {isa = PBXBuildFile; fileRef = 7A15A40025104B5D0070D0EE /* ActivityViewUITests.swift */; };
/* End PBXBuildFile section */

/* Begin PBXContainerItemProxy section */
		7A15A3F225104B5D0070D0EE /* PBXContainerItemProxy */ = {
			isa = PBXContainerItemProxy;
			containerPortal = 7A15A3D325104B5B0070D0EE /* Project object */;
			proxyType = 1;
			remoteGlobalIDString = 7A15A3DA25104B5B0070D0EE;
			remoteInfo = ActivityView;
		};
		7A15A3FD25104B5D0070D0EE /* PBXContainerItemProxy */ = {
			isa = PBXContainerItemProxy;
			containerPortal = 7A15A3D325104B5B0070D0EE /* Project object */;
			proxyType = 1;
			remoteGlobalIDString = 7A15A3DA25104B5B0070D0EE;
			remoteInfo = ActivityView;
		};
/* End PBXContainerItemProxy section */

/* Begin PBXFileReference section */
		7A15A3DB25104B5B0070D0EE /* ActivityView.app */ = {isa = PBXFileReference; explicitFileType = wrapper.application; includeInIndex = 0; path = ActivityView.app; sourceTree = BUILT_PRODUCTS_DIR; };
		7A15A3DE25104B5B0070D0EE /* AppDelegate.swift */ = {isa = PBXFileReference; lastKnownFileType = sourcecode.swift; path = AppDelegate.swift; sourceTree = "<group>"; };
		7A15A3E025104B5B0070D0EE /* SceneDelegate.swift */ = {isa = PBXFileReference; lastKnownFileType = sourcecode.swift; path = SceneDelegate.swift; sourceTree = "<group>"; };
		7A15A3E225104B5B0070D0EE /* ContentView.swift */ = {isa = PBXFileReference; lastKnownFileType = sourcecode.swift; path = ContentView.swift; sourceTree = "<group>"; };
		7A15A3E425104B5D0070D0EE /* Assets.xcassets */ = {isa = PBXFileReference; lastKnownFileType = folder.assetcatalog; path = Assets.xcassets; sourceTree = "<group>"; };
		7A15A3E725104B5D0070D0EE /* Preview Assets.xcassets */ = {isa = PBXFileReference; lastKnownFileType = folder.assetcatalog; path = "Preview Assets.xcassets"; sourceTree = "<group>"; };
		7A15A3EA25104B5D0070D0EE /* Base */ = {isa = PBXFileReference; lastKnownFileType = file.storyboard; name = Base; path = Base.lproj/LaunchScreen.storyboard; sourceTree = "<group>"; };
		7A15A3EC25104B5D0070D0EE /* Info.plist */ = {isa = PBXFileReference; lastKnownFileType = text.plist.xml; path = Info.plist; sourceTree = "<group>"; };
		7A15A3F125104B5D0070D0EE /* ActivityViewTests.xctest */ = {isa = PBXFileReference; explicitFileType = wrapper.cfbundle; includeInIndex = 0; path = ActivityViewTests.xctest; sourceTree = BUILT_PRODUCTS_DIR; };
		7A15A3F525104B5D0070D0EE /* ActivityViewTests.swift */ = {isa = PBXFileReference; lastKnownFileType = sourcecode.swift; path = ActivityViewTests.swift; sourceTree = "<group>"; };
		7A15A3F725104B5D0070D0EE /* Info.plist */ = {isa = PBXFileReference; lastKnownFileType = text.plist.xml; path = Info.plist; sourceTree = "<group>"; };
		7A15A3FC25104B5D0070D0EE /* ActivityViewUITests.xctest */ = {isa = PBXFileReference; explicitFileType = wrapper.cfbundle; includeInIndex = 0; path = ActivityViewUITests.xctest; sourceTree = BUILT_PRODUCTS_DIR; };
		7A15A40025104B5D0070D0EE /* ActivityViewUITests.swift */ = {isa = PBXFileReference; lastKnownFileType = sourcecode.swift; path = ActivityViewUITests.swift; sourceTree = "<group>"; };
		7A15A40225104B5D0070D0EE /* Info.plist */ = {isa = PBXFileReference; lastKnownFileType = text.plist.xml; path = Info.plist; sourceTree = "<group>"; };
/* End PBXFileReference section */

/* Begin PBXFrameworksBuildPhase section */
		7A15A3D825104B5B0070D0EE /* Frameworks */ = {
			isa = PBXFrameworksBuildPhase;
			buildActionMask = 2147483647;
			files = (
			);
			runOnlyForDeploymentPostprocessing = 0;
		};
		7A15A3EE25104B5D0070D0EE /* Frameworks */ = {
			isa = PBXFrameworksBuildPhase;
			buildActionMask = 2147483647;
			files = (
			);
			runOnlyForDeploymentPostprocessing = 0;
		};
		7A15A3F925104B5D0070D0EE /* Frameworks */ = {
			isa = PBXFrameworksBuildPhase;
			buildActionMask = 2147483647;
			files = (
			);
			runOnlyForDeploymentPostprocessing = 0;
		};
/* End PBXFrameworksBuildPhase section */

/* Begin PBXGroup section */
		7A15A3D225104B5B0070D0EE = {
			isa = PBXGroup;
			children = (
				7A15A3DD25104B5B0070D0EE /* ActivityView */,
				7A15A3F425104B5D0070D0EE /* ActivityViewTests */,
				7A15A3FF25104B5D0070D0EE /* ActivityViewUITests */,
				7A15A3DC25104B5B0070D0EE /* Products */,
			);
			sourceTree = "<group>";
		};
		7A15A3DC25104B5B0070D0EE /* Products */ = {
			isa = PBXGroup;
			children = (
				7A15A3DB25104B5B0070D0EE /* ActivityView.app */,
				7A15A3F125104B5D0070D0EE /* ActivityViewTests.xctest */,
				7A15A3FC25104B5D0070D0EE /* ActivityViewUITests.xctest */,
			);
			name = Products;
			sourceTree = "<group>";
		};
		7A15A3DD25104B5B0070D0EE /* ActivityView */ = {
			isa = PBXGroup;
			children = (
				7A15A3DE25104B5B0070D0EE /* AppDelegate.swift */,
				7A15A3E025104B5B0070D0EE /* SceneDelegate.swift */,
				7A15A3E225104B5B0070D0EE /* ContentView.swift */,
				7A15A3E425104B5D0070D0EE /* Assets.xcassets */,
				7A15A3E925104B5D0070D0EE /* LaunchScreen.storyboard */,
				7A15A3EC25104B5D0070D0EE /* Info.plist */,
				7A15A3E625104B5D0070D0EE /* Preview Content */,
			);
			path = ActivityView;
			sourceTree = "<group>";
		};
		7A15A3E625104B5D0070D0EE /* Preview Content */ = {
			isa = PBXGroup;
			children = (
				7A15A3E725104B5D0070D0EE /* Preview Assets.xcassets */,
			);
			path = "Preview Content";
			sourceTree = "<group>";
		};
		7A15A3F425104B5D0070D0EE /* ActivityViewTests */ = {
			isa = PBXGroup;
			children = (
				7A15A3F525104B5D0070D0EE /* ActivityViewTests.swift */,
				7A15A3F725104B5D0070D0EE /* Info.plist */,
			);
			path = ActivityViewTests;
			sourceTree = "<group>";
		};
		7A15A3FF25104B5D0070D0EE /* ActivityViewUITests */ = {
			isa = PBXGroup;
			children = (
				7A15A40025104B5D0070D0EE /* ActivityViewUITests.swift */,
				7A15A40225104B5D0070D0EE /* Info.plist */,
			);
			path = ActivityViewUITests;
			sourceTree = "<group>";
		};
/* End PBXGroup section */

/* Begin PBXNativeTarget section */
		7A15A3DA25104B5B0070D0EE /* ActivityView */ = {
			isa = PBXNativeTarget;
			buildConfigurationList = 7A15A40525104B5D0070D0EE /* Build configuration list for PBXNativeTarget "ActivityView" */;
			buildPhases = (
				7A15A3D725104B5B0070D0EE /* Sources */,
				7A15A3D825104B5B0070D0EE /* Frameworks */,
				7A15A3D925104B5B0070D0EE /* Resources */,
			);
			buildRules = (
			);
			dependencies = (
			);
			name = ActivityView;
			productName = ActivityView;
			productReference = 7A15A3DB25104B5B0070D0EE /* ActivityView.app */;
			productType = "com.apple.product-type.application";
		};
		7A15A3F025104B5D0070D0EE /* ActivityViewTests */ = {
			isa = PBXNativeTarget;
			buildConfigurationList = 7A15A40825104B5D0070D0EE /* Build configuration list for PBXNativeTarget "ActivityViewTests" */;
			buildPhases = (
				7A15A3ED25104B5D0070D0EE /* Sources */,
				7A15A3EE25104B5D0070D0EE /* Frameworks */,
				7A15A3EF25104B5D0070D0EE /* Resources */,
			);
			buildRules = (
			);
			dependencies = (
				7A15A3F325104B5D0070D0EE /* PBXTargetDependency */,
			);
			name = ActivityViewTests;
			productName = ActivityViewTests;
			productReference = 7A15A3F125104B5D0070D0EE /* ActivityViewTests.xctest */;
			productType = "com.apple.product-type.bundle.unit-test";
		};
		7A15A3FB25104B5D0070D0EE /* ActivityViewUITests */ = {
			isa = PBXNativeTarget;
			buildConfigurationList = 7A15A40B25104B5D0070D0EE /* Build configuration list for PBXNativeTarget "ActivityViewUITests" */;
			buildPhases = (
				7A15A3F825104B5D0070D0EE /* Sources */,
				7A15A3F925104B5D0070D0EE /* Frameworks */,
				7A15A3FA25104B5D0070D0EE /* Resources */,
			);
			buildRules = (
			);
			dependencies = (
				7A15A3FE25104B5D0070D0EE /* PBXTargetDependency */,
			);
			name = ActivityViewUITests;
			productName = ActivityViewUITests;
			productReference = 7A15A3FC25104B5D0070D0EE /* ActivityViewUITests.xctest */;
			productType = "com.apple.product-type.bundle.ui-testing";
		};
/* End PBXNativeTarget section */

/* Begin PBXProject section */
		7A15A3D325104B5B0070D0EE /* Project object */ = {
			isa = PBXProject;
			attributes = {
				LastSwiftUpdateCheck = 1170;
				LastUpgradeCheck = 1170;
				ORGANIZATIONNAME = Gancha;
				TargetAttributes = {
					7A15A3DA25104B5B0070D0EE = {
						CreatedOnToolsVersion = 11.7;
					};
					7A15A3F025104B5D0070D0EE = {
						CreatedOnToolsVersion = 11.7;
						TestTargetID = 7A15A3DA25104B5B0070D0EE;
					};
					7A15A3FB25104B5D0070D0EE = {
						CreatedOnToolsVersion = 11.7;
						TestTargetID = 7A15A3DA25104B5B0070D0EE;
					};
				};
			};
			buildConfigurationList = 7A15A3D625104B5B0070D0EE /* Build configuration list for PBXProject "ActivityView" */;
			compatibilityVersion = "Xcode 9.3";
			developmentRegion = en;
			hasScannedForEncodings = 0;
			knownRegions = (
				en,
				Base,
			);
			mainGroup = 7A15A3D225104B5B0070D0EE;
			productRefGroup = 7A15A3DC25104B5B0070D0EE /* Products */;
			projectDirPath = "";
			projectRoot = "";
			targets = (
				7A15A3DA25104B5B0070D0EE /* ActivityView */,
				7A15A3F025104B5D0070D0EE /* ActivityViewTests */,
				7A15A3FB25104B5D0070D0EE /* ActivityViewUITests */,
			);
		};
/* End PBXProject section */

/* Begin PBXResourcesBuildPhase section */
		7A15A3D925104B5B0070D0EE /* Resources */ = {
			isa = PBXResourcesBuildPhase;
			buildActionMask = 2147483647;
			files = (
				7A15A3EB25104B5D0070D0EE /* LaunchScreen.storyboard in Resources */,
				7A15A3E825104B5D0070D0EE /* Preview Assets.xcassets in Resources */,
				7A15A3E525104B5D0070D0EE /* Assets.xcassets in Resources */,
			);
			runOnlyForDeploymentPostprocessing = 0;
		};
		7A15A3EF25104B5D0070D0EE /* Resources */ = {
			isa = PBXResourcesBuildPhase;
			buildActionMask = 2147483647;
			files = (
			);
			runOnlyForDeploymentPostprocessing = 0;
		};
		7A15A3FA25104B5D0070D0EE /* Resources */ = {
			isa = PBXResourcesBuildPhase;
			buildActionMask = 2147483647;
			files = (
			);
			runOnlyForDeploymentPostprocessing = 0;
		};
/* End PBXResourcesBuildPhase section */

/* Begin PBXSourcesBuildPhase section */
		7A15A3D725104B5B0070D0EE /* Sources */ = {
			isa = PBXSourcesBuildPhase;
			buildActionMask = 2147483647;
			files = (
				7A15A3DF25104B5B0070D0EE /* AppDelegate.swift in Sources */,
				7A15A3E125104B5B0070D0EE /* SceneDelegate.swift in Sources */,
				7A15A3E325104B5B0070D0EE /* ContentView.swift in Sources */,
			);
			runOnlyForDeploymentPostprocessing = 0;
		};
		7A15A3ED25104B5D0070D0EE /* Sources */ = {
			isa = PBXSourcesBuildPhase;
			buildActionMask = 2147483647;
			files = (
				7A15A3F625104B5D0070D0EE /* ActivityViewTests.swift in Sources */,
			);
			runOnlyForDeploymentPostprocessing = 0;
		};
		7A15A3F825104B5D0070D0EE /* Sources */ = {
			isa = PBXSourcesBuildPhase;
			buildActionMask = 2147483647;
			files = (
				7A15A40125104B5D0070D0EE /* ActivityViewUITests.swift in Sources */,
			);
			runOnlyForDeploymentPostprocessing = 0;
		};
/* End PBXSourcesBuildPhase section */

/* Begin PBXTargetDependency section */
		7A15A3F325104B5D0070D0EE /* PBXTargetDependency */ = {
			isa = PBXTargetDependency;
			target = 7A15A3DA25104B5B0070D0EE /* ActivityView */;
			targetProxy = 7A15A3F225104B5D0070D0EE /* PBXContainerItemProxy */;
		};
		7A15A3FE25104B5D0070D0EE /* PBXTargetDependency */ = {
			isa = PBXTargetDependency;
			target = 7A15A3DA25104B5B0070D0EE /* ActivityView */;
			targetProxy = 7A15A3FD25104B5D0070D0EE /* PBXContainerItemProxy */;
		};
/* End PBXTargetDependency section */

/* Begin PBXVariantGroup section */
		7A15A3E925104B5D0070D0EE /* LaunchScreen.storyboard */ = {
			isa = PBXVariantGroup;
			children = (
				7A15A3EA25104B5D0070D0EE /* Base */,
			);
			name = LaunchScreen.storyboard;
			sourceTree = "<group>";
		};
/* End PBXVariantGroup section */

/* Begin XCBuildConfiguration section */
		7A15A40325104B5D0070D0EE /* Debug */ = {
			isa = XCBuildConfiguration;
			buildSettings = {
				ALWAYS_SEARCH_USER_PATHS = NO;
				CLANG_ANALYZER_NONNULL = YES;
				CLANG_ANALYZER_NUMBER_OBJECT_CONVERSION = YES_AGGRESSIVE;
				CLANG_CXX_LANGUAGE_STANDARD = "gnu++14";
				CLANG_CXX_LIBRARY = "libc++";
				CLANG_ENABLE_MODULES = YES;
				CLANG_ENABLE_OBJC_ARC = YES;
				CLANG_ENABLE_OBJC_WEAK = YES;
				CLANG_WARN_BLOCK_CAPTURE_AUTORELEASING = YES;
				CLANG_WARN_BOOL_CONVERSION = YES;
				CLANG_WARN_COMMA = YES;
				CLANG_WARN_CONSTANT_CONVERSION = YES;
				CLANG_WARN_DEPRECATED_OBJC_IMPLEMENTATIONS = YES;
				CLANG_WARN_DIRECT_OBJC_ISA_USAGE = YES_ERROR;
				CLANG_WARN_DOCUMENTATION_COMMENTS = YES;
				CLANG_WARN_EMPTY_BODY = YES;
				CLANG_WARN_ENUM_CONVERSION = YES;
				CLANG_WARN_INFINITE_RECURSION = YES;
				CLANG_WARN_INT_CONVERSION = YES;
				CLANG_WARN_NON_LITERAL_NULL_CONVERSION = YES;
				CLANG_WARN_OBJC_IMPLICIT_RETAIN_SELF = YES;
				CLANG_WARN_OBJC_LITERAL_CONVERSION = YES;
				CLANG_WARN_OBJC_ROOT_CLASS = YES_ERROR;
				CLANG_WARN_RANGE_LOOP_ANALYSIS = YES;
				CLANG_WARN_STRICT_PROTOTYPES = YES;
				CLANG_WARN_SUSPICIOUS_MOVE = YES;
				CLANG_WARN_UNGUARDED_AVAILABILITY = YES_AGGRESSIVE;
				CLANG_WARN_UNREACHABLE_CODE = YES;
				CLANG_WARN__DUPLICATE_METHOD_MATCH = YES;
				COPY_PHASE_STRIP = NO;
				DEBUG_INFORMATION_FORMAT = dwarf;
				ENABLE_STRICT_OBJC_MSGSEND = YES;
				ENABLE_TESTABILITY = YES;
				GCC_C_LANGUAGE_STANDARD = gnu11;
				GCC_DYNAMIC_NO_PIC = NO;
				GCC_NO_COMMON_BLOCKS = YES;
				GCC_OPTIMIZATION_LEVEL = 0;
				GCC_PREPROCESSOR_DEFINITIONS = (
					"DEBUG=1",
					"$(inherited)",
				);
				GCC_WARN_64_TO_32_BIT_CONVERSION = YES;
				GCC_WARN_ABOUT_RETURN_TYPE = YES_ERROR;
				GCC_WARN_UNDECLARED_SELECTOR = YES;
				GCC_WARN_UNINITIALIZED_AUTOS = YES_AGGRESSIVE;
				GCC_WARN_UNUSED_FUNCTION = YES;
				GCC_WARN_UNUSED_VARIABLE = YES;
				IPHONEOS_DEPLOYMENT_TARGET = 13.7;
				MTL_ENABLE_DEBUG_INFO = INCLUDE_SOURCE;
				MTL_FAST_MATH = YES;
				ONLY_ACTIVE_ARCH = YES;
				SDKROOT = iphoneos;
				SWIFT_ACTIVE_COMPILATION_CONDITIONS = DEBUG;
				SWIFT_OPTIMIZATION_LEVEL = "-Onone";
			};
			name = Debug;
		};
		7A15A40425104B5D0070D0EE /* Release */ = {
			isa = XCBuildConfiguration;
			buildSettings = {
				ALWAYS_SEARCH_USER_PATHS = NO;
				CLANG_ANALYZER_NONNULL = YES;
				CLANG_ANALYZER_NUMBER_OBJECT_CONVERSION = YES_AGGRESSIVE;
				CLANG_CXX_LANGUAGE_STANDARD = "gnu++14";
				CLANG_CXX_LIBRARY = "libc++";
				CLANG_ENABLE_MODULES = YES;
				CLANG_ENABLE_OBJC_ARC = YES;
				CLANG_ENABLE_OBJC_WEAK = YES;
				CLANG_WARN_BLOCK_CAPTURE_AUTORELEASING = YES;
				CLANG_WARN_BOOL_CONVERSION = YES;
				CLANG_WARN_COMMA = YES;
				CLANG_WARN_CONSTANT_CONVERSION = YES;
				CLANG_WARN_DEPRECATED_OBJC_IMPLEMENTATIONS = YES;
				CLANG_WARN_DIRECT_OBJC_ISA_USAGE = YES_ERROR;
				CLANG_WARN_DOCUMENTATION_COMMENTS = YES;
				CLANG_WARN_EMPTY_BODY = YES;
				CLANG_WARN_ENUM_CONVERSION = YES;
				CLANG_WARN_INFINITE_RECURSION = YES;
				CLANG_WARN_INT_CONVERSION = YES;
				CLANG_WARN_NON_LITERAL_NULL_CONVERSION = YES;
				CLANG_WARN_OBJC_IMPLICIT_RETAIN_SELF = YES;
				CLANG_WARN_OBJC_LITERAL_CONVERSION = YES;
				CLANG_WARN_OBJC_ROOT_CLASS = YES_ERROR;
				CLANG_WARN_RANGE_LOOP_ANALYSIS = YES;
				CLANG_WARN_STRICT_PROTOTYPES = YES;
				CLANG_WARN_SUSPICIOUS_MOVE = YES;
				CLANG_WARN_UNGUARDED_AVAILABILITY = YES_AGGRESSIVE;
				CLANG_WARN_UNREACHABLE_CODE = YES;
				CLANG_WARN__DUPLICATE_METHOD_MATCH = YES;
				COPY_PHASE_STRIP = NO;
				DEBUG_INFORMATION_FORMAT = "dwarf-with-dsym";
				ENABLE_NS_ASSERTIONS = NO;
				ENABLE_STRICT_OBJC_MSGSEND = YES;
				GCC_C_LANGUAGE_STANDARD = gnu11;
				GCC_NO_COMMON_BLOCKS = YES;
				GCC_WARN_64_TO_32_BIT_CONVERSION = YES;
				GCC_WARN_ABOUT_RETURN_TYPE = YES_ERROR;
				GCC_WARN_UNDECLARED_SELECTOR = YES;
				GCC_WARN_UNINITIALIZED_AUTOS = YES_AGGRESSIVE;
				GCC_WARN_UNUSED_FUNCTION = YES;
				GCC_WARN_UNUSED_VARIABLE = YES;
				IPHONEOS_DEPLOYMENT_TARGET = 13.7;
				MTL_ENABLE_DEBUG_INFO = NO;
				MTL_FAST_MATH = YES;
				SDKROOT = iphoneos;
				SWIFT_COMPILATION_MODE = wholemodule;
				SWIFT_OPTIMIZATION_LEVEL = "-O";
				VALIDATE_PRODUCT = YES;
			};
			name = Release;
		};
		7A15A40625104B5D0070D0EE /* Debug */ = {
			isa = XCBuildConfiguration;
			buildSettings = {
				ASSETCATALOG_COMPILER_APPICON_NAME = AppIcon;
				CODE_SIGN_STYLE = Automatic;
				DEVELOPMENT_ASSET_PATHS = "\"ActivityView/Preview Content\"";
				DEVELOPMENT_TEAM = A5MF3X8BX8;
				ENABLE_PREVIEWS = YES;
				INFOPLIST_FILE = ActivityView/Info.plist;
				LD_RUNPATH_SEARCH_PATHS = (
					"$(inherited)",
					"@executable_path/Frameworks",
				);
				PRODUCT_BUNDLE_IDENTIFIER = swiftui.ActivityView;
				PRODUCT_NAME = "$(TARGET_NAME)";
				SWIFT_VERSION = 5.0;
				TARGETED_DEVICE_FAMILY = "1,2";
			};
			name = Debug;
		};
		7A15A40725104B5D0070D0EE /* Release */ = {
			isa = XCBuildConfiguration;
			buildSettings = {
				ASSETCATALOG_COMPILER_APPICON_NAME = AppIcon;
				CODE_SIGN_STYLE = Automatic;
				DEVELOPMENT_ASSET_PATHS = "\"ActivityView/Preview Content\"";
				DEVELOPMENT_TEAM = A5MF3X8BX8;
				ENABLE_PREVIEWS = YES;
				INFOPLIST_FILE = ActivityView/Info.plist;
				LD_RUNPATH_SEARCH_PATHS = (
					"$(inherited)",
					"@executable_path/Frameworks",
				);
				PRODUCT_BUNDLE_IDENTIFIER = swiftui.ActivityView;
				PRODUCT_NAME = "$(TARGET_NAME)";
				SWIFT_VERSION = 5.0;
				TARGETED_DEVICE_FAMILY = "1,2";
			};
			name = Release;
		};
		7A15A40925104B5D0070D0EE /* Debug */ = {
			isa = XCBuildConfiguration;
			buildSettings = {
				ALWAYS_EMBED_SWIFT_STANDARD_LIBRARIES = YES;
				BUNDLE_LOADER = "$(TEST_HOST)";
				CODE_SIGN_STYLE = Automatic;
				DEVELOPMENT_TEAM = A5MF3X8BX8;
				INFOPLIST_FILE = ActivityViewTests/Info.plist;
				IPHONEOS_DEPLOYMENT_TARGET = 13.7;
				LD_RUNPATH_SEARCH_PATHS = (
					"$(inherited)",
					"@executable_path/Frameworks",
					"@loader_path/Frameworks",
				);
				PRODUCT_BUNDLE_IDENTIFIER = swiftui.ActivityViewTests;
				PRODUCT_NAME = "$(TARGET_NAME)";
				SWIFT_VERSION = 5.0;
				TARGETED_DEVICE_FAMILY = "1,2";
				TEST_HOST = "$(BUILT_PRODUCTS_DIR)/ActivityView.app/ActivityView";
			};
			name = Debug;
		};
		7A15A40A25104B5D0070D0EE /* Release */ = {
			isa = XCBuildConfiguration;
			buildSettings = {
				ALWAYS_EMBED_SWIFT_STANDARD_LIBRARIES = YES;
				BUNDLE_LOADER = "$(TEST_HOST)";
				CODE_SIGN_STYLE = Automatic;
				DEVELOPMENT_TEAM = A5MF3X8BX8;
				INFOPLIST_FILE = ActivityViewTests/Info.plist;
				IPHONEOS_DEPLOYMENT_TARGET = 13.7;
				LD_RUNPATH_SEARCH_PATHS = (
					"$(inherited)",
					"@executable_path/Frameworks",
					"@loader_path/Frameworks",
				);
				PRODUCT_BUNDLE_IDENTIFIER = swiftui.ActivityViewTests;
				PRODUCT_NAME = "$(TARGET_NAME)";
				SWIFT_VERSION = 5.0;
				TARGETED_DEVICE_FAMILY = "1,2";
				TEST_HOST = "$(BUILT_PRODUCTS_DIR)/ActivityView.app/ActivityView";
			};
			name = Release;
		};
		7A15A40C25104B5D0070D0EE /* Debug */ = {
			isa = XCBuildConfiguration;
			buildSettings = {
				ALWAYS_EMBED_SWIFT_STANDARD_LIBRARIES = YES;
				CODE_SIGN_STYLE = Automatic;
				DEVELOPMENT_TEAM = A5MF3X8BX8;
				INFOPLIST_FILE = ActivityViewUITests/Info.plist;
				LD_RUNPATH_SEARCH_PATHS = (
					"$(inherited)",
					"@executable_path/Frameworks",
					"@loader_path/Frameworks",
				);
				PRODUCT_BUNDLE_IDENTIFIER = swiftui.ActivityViewUITests;
				PRODUCT_NAME = "$(TARGET_NAME)";
				SWIFT_VERSION = 5.0;
				TARGETED_DEVICE_FAMILY = "1,2";
				TEST_TARGET_NAME = ActivityView;
			};
			name = Debug;
		};
		7A15A40D25104B5D0070D0EE /* Release */ = {
			isa = XCBuildConfiguration;
			buildSettings = {
				ALWAYS_EMBED_SWIFT_STANDARD_LIBRARIES = YES;
				CODE_SIGN_STYLE = Automatic;
				DEVELOPMENT_TEAM = A5MF3X8BX8;
				INFOPLIST_FILE = ActivityViewUITests/Info.plist;
				LD_RUNPATH_SEARCH_PATHS = (
					"$(inherited)",
					"@executable_path/Frameworks",
					"@loader_path/Frameworks",
				);
				PRODUCT_BUNDLE_IDENTIFIER = swiftui.ActivityViewUITests;
				PRODUCT_NAME = "$(TARGET_NAME)";
				SWIFT_VERSION = 5.0;
				TARGETED_DEVICE_FAMILY = "1,2";
				TEST_TARGET_NAME = ActivityView;
			};
			name = Release;
		};
/* End XCBuildConfiguration section */

/* Begin XCConfigurationList section */
		7A15A3D625104B5B0070D0EE /* Build configuration list for PBXProject "ActivityView" */ = {
			isa = XCConfigurationList;
			buildConfigurations = (
				7A15A40325104B5D0070D0EE /* Debug */,
				7A15A40425104B5D0070D0EE /* Release */,
			);
			defaultConfigurationIsVisible = 0;
			defaultConfigurationName = Release;
		};
		7A15A40525104B5D0070D0EE /* Build configuration list for PBXNativeTarget "ActivityView" */ = {
			isa = XCConfigurationList;
			buildConfigurations = (
				7A15A40625104B5D0070D0EE /* Debug */,
				7A15A40725104B5D0070D0EE /* Release */,
			);
			defaultConfigurationIsVisible = 0;
			defaultConfigurationName = Release;
		};
		7A15A40825104B5D0070D0EE /* Build configuration list for PBXNativeTarget "ActivityViewTests" */ = {
			isa = XCConfigurationList;
			buildConfigurations = (
				7A15A40925104B5D0070D0EE /* Debug */,
				7A15A40A25104B5D0070D0EE /* Release */,
			);
			defaultConfigurationIsVisible = 0;
			defaultConfigurationName = Release;
		};
		7A15A40B25104B5D0070D0EE /* Build configuration list for PBXNativeTarget "ActivityViewUITests" */ = {
			isa = XCConfigurationList;
			buildConfigurations = (
				7A15A40C25104B5D0070D0EE /* Debug */,
				7A15A40D25104B5D0070D0EE /* Release */,
			);
			defaultConfigurationIsVisible = 0;
			defaultConfigurationName = Release;
		};
/* End XCConfigurationList section */
	};
	rootObject = 7A15A3D325104B5B0070D0EE /* Project object */;
}
